
Microsoft Visual Studio Solution File, Format Version 12.00
# Visual Studio 2012
Project("{FAE04EC0-301F-11D3-BF4B-00C04F79EFBC}") = "PuppetMaster", "PuppetMaster\PuppetMaster.csproj", "{6A9B8C58-B09A-489F-AD97-003F08398C46}"
EndProject
Project("{FAE04EC0-301F-11D3-BF4B-00C04F79EFBC}") = "UserPMNR", "UserPMNR\UserPMNR.csproj", "{78A82A00-A8B6-48AA-A07D-E33A1516E427}"
EndProject
Project("{FAE04EC0-301F-11D3-BF4B-00C04F79EFBC}") = "ClientPMNR", "ClientPMNR\ClientPMNR.csproj", "{603E4240-9E5E-4703-9CB6-9F649BE0FC88}"
EndProject
Project("{FAE04EC0-301F-11D3-BF4B-00C04F79EFBC}") = "WorkerPMNR", "WorkerPMNR\WorkerPMNR.csproj", "{75E76B65-1FA7-469C-A817-82052C18C3A3}"
EndProject
Project("{FAE04EC0-301F-11D3-BF4B-00C04F79EFBC}") = "Interfaces", "IMapInterface\Interfaces.csproj", "{90F62D73-F20C-4E6B-9AB4-39BF08397210}"
EndProject
Project("{FAE04EC0-301F-11D3-BF4B-00C04F79EFBC}") = "LibMapper", "LibMapper\LibMapper.csproj", "{483057AD-1A1C-44E9-B81A-84B68935A8D4}"
EndProject
Global
	GlobalSection(SolutionConfigurationPlatforms) = preSolution
		Debug|Any CPU = Debug|Any CPU
		Release|Any CPU = Release|Any CPU
	EndGlobalSection
	GlobalSection(ProjectConfigurationPlatforms) = postSolution
		{6A9B8C58-B09A-489F-AD97-003F08398C46}.Debug|Any CPU.ActiveCfg = Debug|Any CPU
		{6A9B8C58-B09A-489F-AD97-003F08398C46}.Debug|Any CPU.Build.0 = Debug|Any CPU
		{6A9B8C58-B09A-489F-AD97-003F08398C46}.Release|Any CPU.ActiveCfg = Release|Any CPU
		{6A9B8C58-B09A-489F-AD97-003F08398C46}.Release|Any CPU.Build.0 = Release|Any CPU
		{78A82A00-A8B6-48AA-A07D-E33A1516E427}.Debug|Any CPU.ActiveCfg = Debug|Any CPU
		{78A82A00-A8B6-48AA-A07D-E33A1516E427}.Debug|Any CPU.Build.0 = Debug|Any CPU
		{78A82A00-A8B6-48AA-A07D-E33A1516E427}.Release|Any CPU.ActiveCfg = Release|Any CPU
		{78A82A00-A8B6-48AA-A07D-E33A1516E427}.Release|Any CPU.Build.0 = Release|Any CPU
		{603E4240-9E5E-4703-9CB6-9F649BE0FC88}.Debug|Any CPU.ActiveCfg = Debug|Any CPU
		{603E4240-9E5E-4703-9CB6-9F649BE0FC88}.Debug|Any CPU.Build.0 = Debug|Any CPU
		{603E4240-9E5E-4703-9CB6-9F649BE0FC88}.Release|Any CPU.ActiveCfg = Release|Any CPU
		{603E4240-9E5E-4703-9CB6-9F649BE0FC88}.Release|Any CPU.Build.0 = Release|Any CPU
		{75E76B65-1FA7-469C-A817-82052C18C3A3}.Debug|Any CPU.ActiveCfg = Debug|Any CPU
		{75E76B65-1FA7-469C-A817-82052C18C3A3}.Debug|Any CPU.Build.0 = Debug|Any CPU
		{75E76B65-1FA7-469C-A817-82052C18C3A3}.Release|Any CPU.ActiveCfg = Release|Any CPU
		{75E76B65-1FA7-469C-A817-82052C18C3A3}.Release|Any CPU.Build.0 = Release|Any CPU
		{90F62D73-F20C-4E6B-9AB4-39BF08397210}.Debug|Any CPU.ActiveCfg = Debug|Any CPU
		{90F62D73-F20C-4E6B-9AB4-39BF08397210}.Debug|Any CPU.Build.0 = Debug|Any CPU
		{90F62D73-F20C-4E6B-9AB4-39BF08397210}.Release|Any CPU.ActiveCfg = Release|Any CPU
		{90F62D73-F20C-4E6B-9AB4-39BF08397210}.Release|Any CPU.Build.0 = Release|Any CPU
		{483057AD-1A1C-44E9-B81A-84B68935A8D4}.Debug|Any CPU.ActiveCfg = Debug|Any CPU
		{483057AD-1A1C-44E9-B81A-84B68935A8D4}.Debug|Any CPU.Build.0 = Debug|Any CPU
		{483057AD-1A1C-44E9-B81A-84B68935A8D4}.Release|Any CPU.ActiveCfg = Release|Any CPU
		{483057AD-1A1C-44E9-B81A-84B68935A8D4}.Release|Any CPU.Build.0 = Release|Any CPU
	EndGlobalSection
	GlobalSection(SolutionProperties) = preSolution
		HideSolutionNode = FALSE
	EndGlobalSection
EndGlobal
